
Microsoft Visual Studio Solution File, Format Version 12.00
# Visual Studio Version 17
VisualStudioVersion = 17.2.32602.215
MinimumVisualStudioVersion = 10.0.40219.1
Project("{9A19103F-16F7-4668-BE54-9A1E7A4F7556}") = "ClimaTime", "ClimaTime\ClimaTime.csproj", "{1D108F7C-77D6-4B4C-85AA-EE61479F24DE}"
EndProject
Global
	GlobalSection(SolutionConfigurationPlatforms) = preSolution
		Debug|Any CPU = Debug|Any CPU
		Release|Any CPU = Release|Any CPU
	EndGlobalSection
	GlobalSection(ProjectConfigurationPlatforms) = postSolution
		{1D108F7C-77D6-4B4C-85AA-EE61479F24DE}.Debug|Any CPU.ActiveCfg = Debug|Any CPU
		{1D108F7C-77D6-4B4C-85AA-EE61479F24DE}.Debug|Any CPU.Build.0 = Debug|Any CPU
		{1D108F7C-77D6-4B4C-85AA-EE61479F24DE}.Release|Any CPU.ActiveCfg = Release|Any CPU
		{1D108F7C-77D6-4B4C-85AA-EE61479F24DE}.Release|Any CPU.Build.0 = Release|Any CPU
	EndGlobalSection
	GlobalSection(SolutionProperties) = preSolution
		HideSolutionNode = FALSE
	EndGlobalSection
	GlobalSection(ExtensibilityGlobals) = postSolution
		SolutionGuid = {B011E847-2B90-454E-AAE2-0EE4434D5D68}
	EndGlobalSection
EndGlobal
